
Microsoft Visual Studio Solution File, Format Version 12.00
# Visual Studio 15
VisualStudioVersion = 15.0.27703.2035
MinimumVisualStudioVersion = 10.0.40219.1
Project("{FAE04EC0-301F-11D3-BF4B-00C04F79EFBC}") = "BaiTap001", "BaiTap001\BaiTap001.csproj", "{C2257F69-4403-4EF5-B9D2-B9A2451B1B38}"
EndProject
Global
	GlobalSection(SolutionConfigurationPlatforms) = preSolution
		Debug|Any CPU = Debug|Any CPU
		Release|Any CPU = Release|Any CPU
	EndGlobalSection
	GlobalSection(ProjectConfigurationPlatforms) = postSolution
		{C2257F69-4403-4EF5-B9D2-B9A2451B1B38}.Debug|Any CPU.ActiveCfg = Debug|Any CPU
		{C2257F69-4403-4EF5-B9D2-B9A2451B1B38}.Debug|Any CPU.Build.0 = Debug|Any CPU
		{C2257F69-4403-4EF5-B9D2-B9A2451B1B38}.Release|Any CPU.ActiveCfg = Release|Any CPU
		{C2257F69-4403-4EF5-B9D2-B9A2451B1B38}.Release|Any CPU.Build.0 = Release|Any CPU
	EndGlobalSection
	GlobalSection(SolutionProperties) = preSolution
		HideSolutionNode = FALSE
	EndGlobalSection
	GlobalSection(ExtensibilityGlobals) = postSolution
		SolutionGuid = {933CECEF-92D4-431D-BE32-09B5702217C3}
	EndGlobalSection
EndGlobal
