
Microsoft Visual Studio Solution File, Format Version 12.00
# Visual Studio 15
VisualStudioVersion = 15.0.28307.168
MinimumVisualStudioVersion = 10.0.40219.1
Project("{FAE04EC0-301F-11D3-BF4B-00C04F79EFBC}") = "baitap004", "baitap004\baitap004.csproj", "{08D608AA-373C-4148-8DE2-E38C3692BCE7}"
EndProject
Global
	GlobalSection(SolutionConfigurationPlatforms) = preSolution
		Debug|Any CPU = Debug|Any CPU
		Release|Any CPU = Release|Any CPU
	EndGlobalSection
	GlobalSection(ProjectConfigurationPlatforms) = postSolution
		{08D608AA-373C-4148-8DE2-E38C3692BCE7}.Debug|Any CPU.ActiveCfg = Debug|Any CPU
		{08D608AA-373C-4148-8DE2-E38C3692BCE7}.Debug|Any CPU.Build.0 = Debug|Any CPU
		{08D608AA-373C-4148-8DE2-E38C3692BCE7}.Release|Any CPU.ActiveCfg = Release|Any CPU
		{08D608AA-373C-4148-8DE2-E38C3692BCE7}.Release|Any CPU.Build.0 = Release|Any CPU
	EndGlobalSection
	GlobalSection(SolutionProperties) = preSolution
		HideSolutionNode = FALSE
	EndGlobalSection
	GlobalSection(ExtensibilityGlobals) = postSolution
		SolutionGuid = {FCFB9F3B-8141-4FCC-9F02-4ED88ECE5417}
	EndGlobalSection
EndGlobal
