
Microsoft Visual Studio Solution File, Format Version 12.00
# Visual Studio 15
VisualStudioVersion = 15.0.27703.2035
MinimumVisualStudioVersion = 10.0.40219.1
Project("{FAE04EC0-301F-11D3-BF4B-00C04F79EFBC}") = "ThucDonNguCanhChiaSe", "ThucDonNguCanhChiaSe\ThucDonNguCanhChiaSe.csproj", "{45D00CA3-942E-4634-9441-F81AB7EE7636}"
EndProject
Global
	GlobalSection(SolutionConfigurationPlatforms) = preSolution
		Debug|Any CPU = Debug|Any CPU
		Release|Any CPU = Release|Any CPU
	EndGlobalSection
	GlobalSection(ProjectConfigurationPlatforms) = postSolution
		{45D00CA3-942E-4634-9441-F81AB7EE7636}.Debug|Any CPU.ActiveCfg = Debug|Any CPU
		{45D00CA3-942E-4634-9441-F81AB7EE7636}.Debug|Any CPU.Build.0 = Debug|Any CPU
		{45D00CA3-942E-4634-9441-F81AB7EE7636}.Release|Any CPU.ActiveCfg = Release|Any CPU
		{45D00CA3-942E-4634-9441-F81AB7EE7636}.Release|Any CPU.Build.0 = Release|Any CPU
	EndGlobalSection
	GlobalSection(SolutionProperties) = preSolution
		HideSolutionNode = FALSE
	EndGlobalSection
	GlobalSection(ExtensibilityGlobals) = postSolution
		SolutionGuid = {397E9F2D-B01C-4E4D-BBA6-763B5A9A0B86}
	EndGlobalSection
EndGlobal
