
Microsoft Visual Studio Solution File, Format Version 12.00
# Visual Studio 15
VisualStudioVersion = 15.0.27703.2035
MinimumVisualStudioVersion = 10.0.40219.1
Project("{FAE04EC0-301F-11D3-BF4B-00C04F79EFBC}") = "CauHoiOnTap03", "CauHoiOnTap03\CauHoiOnTap03.csproj", "{AC57AED7-4361-4291-B714-852B5164627A}"
EndProject
Global
	GlobalSection(SolutionConfigurationPlatforms) = preSolution
		Debug|Any CPU = Debug|Any CPU
		Release|Any CPU = Release|Any CPU
	EndGlobalSection
	GlobalSection(ProjectConfigurationPlatforms) = postSolution
		{AC57AED7-4361-4291-B714-852B5164627A}.Debug|Any CPU.ActiveCfg = Debug|Any CPU
		{AC57AED7-4361-4291-B714-852B5164627A}.Debug|Any CPU.Build.0 = Debug|Any CPU
		{AC57AED7-4361-4291-B714-852B5164627A}.Release|Any CPU.ActiveCfg = Release|Any CPU
		{AC57AED7-4361-4291-B714-852B5164627A}.Release|Any CPU.Build.0 = Release|Any CPU
	EndGlobalSection
	GlobalSection(SolutionProperties) = preSolution
		HideSolutionNode = FALSE
	EndGlobalSection
	GlobalSection(ExtensibilityGlobals) = postSolution
		SolutionGuid = {30CFC5DA-C352-4289-AF7C-2114AFFBC0E2}
	EndGlobalSection
EndGlobal
