
Microsoft Visual Studio Solution File, Format Version 12.00
# Visual Studio 15
VisualStudioVersion = 15.0.27703.2035
MinimumVisualStudioVersion = 10.0.40219.1
Project("{FAE04EC0-301F-11D3-BF4B-00C04F79EFBC}") = "BaiTap004-GiaiPTBacMotHai", "BaiTap004-GiaiPTBacMotHai\BaiTap004-GiaiPTBacMotHai.csproj", "{64DCDA41-D13C-4D2D-9360-61003B2B5FED}"
EndProject
Global
	GlobalSection(SolutionConfigurationPlatforms) = preSolution
		Debug|Any CPU = Debug|Any CPU
		Release|Any CPU = Release|Any CPU
	EndGlobalSection
	GlobalSection(ProjectConfigurationPlatforms) = postSolution
		{64DCDA41-D13C-4D2D-9360-61003B2B5FED}.Debug|Any CPU.ActiveCfg = Debug|Any CPU
		{64DCDA41-D13C-4D2D-9360-61003B2B5FED}.Debug|Any CPU.Build.0 = Debug|Any CPU
		{64DCDA41-D13C-4D2D-9360-61003B2B5FED}.Release|Any CPU.ActiveCfg = Release|Any CPU
		{64DCDA41-D13C-4D2D-9360-61003B2B5FED}.Release|Any CPU.Build.0 = Release|Any CPU
	EndGlobalSection
	GlobalSection(SolutionProperties) = preSolution
		HideSolutionNode = FALSE
	EndGlobalSection
	GlobalSection(ExtensibilityGlobals) = postSolution
		SolutionGuid = {8D0F2ADC-AA00-4F76-A2B3-7914D604E0B6}
	EndGlobalSection
EndGlobal
