
Microsoft Visual Studio Solution File, Format Version 12.00
# Visual Studio 15
VisualStudioVersion = 15.0.28307.271
MinimumVisualStudioVersion = 10.0.40219.1
Project("{FAE04EC0-301F-11D3-BF4B-00C04F79EFBC}") = "Wpf_BaiTap001_ChiDungXaml", "Wpf_BaiTap001_ChiDungXaml\Wpf_BaiTap001_ChiDungXaml.csproj", "{F699199A-44E7-4637-80F8-8CEF55AD53CB}"
EndProject
Global
	GlobalSection(SolutionConfigurationPlatforms) = preSolution
		Debug|Any CPU = Debug|Any CPU
		Release|Any CPU = Release|Any CPU
	EndGlobalSection
	GlobalSection(ProjectConfigurationPlatforms) = postSolution
		{F699199A-44E7-4637-80F8-8CEF55AD53CB}.Debug|Any CPU.ActiveCfg = Debug|Any CPU
		{F699199A-44E7-4637-80F8-8CEF55AD53CB}.Debug|Any CPU.Build.0 = Debug|Any CPU
		{F699199A-44E7-4637-80F8-8CEF55AD53CB}.Release|Any CPU.ActiveCfg = Release|Any CPU
		{F699199A-44E7-4637-80F8-8CEF55AD53CB}.Release|Any CPU.Build.0 = Release|Any CPU
	EndGlobalSection
	GlobalSection(SolutionProperties) = preSolution
		HideSolutionNode = FALSE
	EndGlobalSection
	GlobalSection(ExtensibilityGlobals) = postSolution
		SolutionGuid = {D702791B-BDB2-49A3-B44B-CDE807CB0989}
	EndGlobalSection
EndGlobal
