
Microsoft Visual Studio Solution File, Format Version 12.00
# Visual Studio 15
VisualStudioVersion = 15.0.28307.168
MinimumVisualStudioVersion = 10.0.40219.1
Project("{FAE04EC0-301F-11D3-BF4B-00C04F79EFBC}") = "baitap007", "baitap007\baitap007.csproj", "{02445FBC-61E7-44B4-9A49-FCC2E11B6689}"
EndProject
Global
	GlobalSection(SolutionConfigurationPlatforms) = preSolution
		Debug|Any CPU = Debug|Any CPU
		Release|Any CPU = Release|Any CPU
	EndGlobalSection
	GlobalSection(ProjectConfigurationPlatforms) = postSolution
		{02445FBC-61E7-44B4-9A49-FCC2E11B6689}.Debug|Any CPU.ActiveCfg = Debug|Any CPU
		{02445FBC-61E7-44B4-9A49-FCC2E11B6689}.Debug|Any CPU.Build.0 = Debug|Any CPU
		{02445FBC-61E7-44B4-9A49-FCC2E11B6689}.Release|Any CPU.ActiveCfg = Release|Any CPU
		{02445FBC-61E7-44B4-9A49-FCC2E11B6689}.Release|Any CPU.Build.0 = Release|Any CPU
	EndGlobalSection
	GlobalSection(SolutionProperties) = preSolution
		HideSolutionNode = FALSE
	EndGlobalSection
	GlobalSection(ExtensibilityGlobals) = postSolution
		SolutionGuid = {94180053-7410-4759-8E33-DCAC56850725}
	EndGlobalSection
EndGlobal
