
Microsoft Visual Studio Solution File, Format Version 12.00
# Visual Studio 15
VisualStudioVersion = 15.0.27703.2035
MinimumVisualStudioVersion = 10.0.40219.1
Project("{FAE04EC0-301F-11D3-BF4B-00C04F79EFBC}") = "DoanThang", "DoanThang\DoanThang.csproj", "{BA65413C-3248-4218-9619-14E937ED61BE}"
EndProject
Global
	GlobalSection(SolutionConfigurationPlatforms) = preSolution
		Debug|Any CPU = Debug|Any CPU
		Release|Any CPU = Release|Any CPU
	EndGlobalSection
	GlobalSection(ProjectConfigurationPlatforms) = postSolution
		{BA65413C-3248-4218-9619-14E937ED61BE}.Debug|Any CPU.ActiveCfg = Debug|Any CPU
		{BA65413C-3248-4218-9619-14E937ED61BE}.Debug|Any CPU.Build.0 = Debug|Any CPU
		{BA65413C-3248-4218-9619-14E937ED61BE}.Release|Any CPU.ActiveCfg = Release|Any CPU
		{BA65413C-3248-4218-9619-14E937ED61BE}.Release|Any CPU.Build.0 = Release|Any CPU
	EndGlobalSection
	GlobalSection(SolutionProperties) = preSolution
		HideSolutionNode = FALSE
	EndGlobalSection
	GlobalSection(ExtensibilityGlobals) = postSolution
		SolutionGuid = {34AE9A4E-A41F-4D72-A733-13586D80D7F6}
	EndGlobalSection
EndGlobal
