
Microsoft Visual Studio Solution File, Format Version 12.00
# Visual Studio 15
VisualStudioVersion = 15.0.28307.168
MinimumVisualStudioVersion = 10.0.40219.1
Project("{FAE04EC0-301F-11D3-BF4B-00C04F79EFBC}") = "BaiTap002", "BaiTap002\BaiTap002.csproj", "{08446129-068F-4BA7-87D4-3247A692BC48}"
EndProject
Global
	GlobalSection(SolutionConfigurationPlatforms) = preSolution
		Debug|Any CPU = Debug|Any CPU
		Release|Any CPU = Release|Any CPU
	EndGlobalSection
	GlobalSection(ProjectConfigurationPlatforms) = postSolution
		{08446129-068F-4BA7-87D4-3247A692BC48}.Debug|Any CPU.ActiveCfg = Debug|Any CPU
		{08446129-068F-4BA7-87D4-3247A692BC48}.Debug|Any CPU.Build.0 = Debug|Any CPU
		{08446129-068F-4BA7-87D4-3247A692BC48}.Release|Any CPU.ActiveCfg = Release|Any CPU
		{08446129-068F-4BA7-87D4-3247A692BC48}.Release|Any CPU.Build.0 = Release|Any CPU
	EndGlobalSection
	GlobalSection(SolutionProperties) = preSolution
		HideSolutionNode = FALSE
	EndGlobalSection
	GlobalSection(ExtensibilityGlobals) = postSolution
		SolutionGuid = {EC320E5F-1BC5-4332-BA03-183174401BC9}
	EndGlobalSection
EndGlobal
