
Microsoft Visual Studio Solution File, Format Version 12.00
# Visual Studio 15
VisualStudioVersion = 15.0.27703.2035
MinimumVisualStudioVersion = 10.0.40219.1
Project("{FAE04EC0-301F-11D3-BF4B-00C04F79EFBC}") = "Wpf_BaiTap002", "Wpf_BaiTap002\Wpf_BaiTap002.csproj", "{36FD56E7-2457-443A-9842-C84C62E49819}"
EndProject
Global
	GlobalSection(SolutionConfigurationPlatforms) = preSolution
		Debug|Any CPU = Debug|Any CPU
		Release|Any CPU = Release|Any CPU
	EndGlobalSection
	GlobalSection(ProjectConfigurationPlatforms) = postSolution
		{36FD56E7-2457-443A-9842-C84C62E49819}.Debug|Any CPU.ActiveCfg = Debug|Any CPU
		{36FD56E7-2457-443A-9842-C84C62E49819}.Debug|Any CPU.Build.0 = Debug|Any CPU
		{36FD56E7-2457-443A-9842-C84C62E49819}.Release|Any CPU.ActiveCfg = Release|Any CPU
		{36FD56E7-2457-443A-9842-C84C62E49819}.Release|Any CPU.Build.0 = Release|Any CPU
	EndGlobalSection
	GlobalSection(SolutionProperties) = preSolution
		HideSolutionNode = FALSE
	EndGlobalSection
	GlobalSection(ExtensibilityGlobals) = postSolution
		SolutionGuid = {27F04E60-03D1-46AE-BAE9-5A4E5AD31B2B}
	EndGlobalSection
EndGlobal
