
Microsoft Visual Studio Solution File, Format Version 12.00
# Visual Studio 15
VisualStudioVersion = 15.0.28307.168
MinimumVisualStudioVersion = 10.0.40219.1
Project("{FAE04EC0-301F-11D3-BF4B-00C04F79EFBC}") = "baitap002", "baitap002\baitap002.csproj", "{A4AB602D-84E3-495B-9B6F-0235E8E8201A}"
EndProject
Global
	GlobalSection(SolutionConfigurationPlatforms) = preSolution
		Debug|Any CPU = Debug|Any CPU
		Release|Any CPU = Release|Any CPU
	EndGlobalSection
	GlobalSection(ProjectConfigurationPlatforms) = postSolution
		{A4AB602D-84E3-495B-9B6F-0235E8E8201A}.Debug|Any CPU.ActiveCfg = Debug|Any CPU
		{A4AB602D-84E3-495B-9B6F-0235E8E8201A}.Debug|Any CPU.Build.0 = Debug|Any CPU
		{A4AB602D-84E3-495B-9B6F-0235E8E8201A}.Release|Any CPU.ActiveCfg = Release|Any CPU
		{A4AB602D-84E3-495B-9B6F-0235E8E8201A}.Release|Any CPU.Build.0 = Release|Any CPU
	EndGlobalSection
	GlobalSection(SolutionProperties) = preSolution
		HideSolutionNode = FALSE
	EndGlobalSection
	GlobalSection(ExtensibilityGlobals) = postSolution
		SolutionGuid = {74A5242D-B312-4AB0-9140-0C9B93B7F7C2}
	EndGlobalSection
EndGlobal
