
Microsoft Visual Studio Solution File, Format Version 12.00
# Visual Studio 15
VisualStudioVersion = 15.0.28307.168
MinimumVisualStudioVersion = 10.0.40219.1
Project("{FAE04EC0-301F-11D3-BF4B-00C04F79EFBC}") = "baitap018", "baitap018\baitap018.csproj", "{D6DACB7B-564F-4A22-BDD3-67B018F515F4}"
EndProject
Global
	GlobalSection(SolutionConfigurationPlatforms) = preSolution
		Debug|Any CPU = Debug|Any CPU
		Release|Any CPU = Release|Any CPU
	EndGlobalSection
	GlobalSection(ProjectConfigurationPlatforms) = postSolution
		{D6DACB7B-564F-4A22-BDD3-67B018F515F4}.Debug|Any CPU.ActiveCfg = Debug|Any CPU
		{D6DACB7B-564F-4A22-BDD3-67B018F515F4}.Debug|Any CPU.Build.0 = Debug|Any CPU
		{D6DACB7B-564F-4A22-BDD3-67B018F515F4}.Release|Any CPU.ActiveCfg = Release|Any CPU
		{D6DACB7B-564F-4A22-BDD3-67B018F515F4}.Release|Any CPU.Build.0 = Release|Any CPU
	EndGlobalSection
	GlobalSection(SolutionProperties) = preSolution
		HideSolutionNode = FALSE
	EndGlobalSection
	GlobalSection(ExtensibilityGlobals) = postSolution
		SolutionGuid = {804B6BFD-745B-4BE1-9E5C-949E03A5C24D}
	EndGlobalSection
EndGlobal
