
Microsoft Visual Studio Solution File, Format Version 12.00
# Visual Studio 15
VisualStudioVersion = 15.0.27703.2035
MinimumVisualStudioVersion = 10.0.40219.1
Project("{FAE04EC0-301F-11D3-BF4B-00C04F79EFBC}") = "HinhelipEllipseVaHinhTron", "HinhelipEllipseVaHinhTron\HinhelipEllipseVaHinhTron.csproj", "{67FC5FA5-2FEA-4539-B85B-EA1CF434A9E5}"
EndProject
Global
	GlobalSection(SolutionConfigurationPlatforms) = preSolution
		Debug|Any CPU = Debug|Any CPU
		Release|Any CPU = Release|Any CPU
	EndGlobalSection
	GlobalSection(ProjectConfigurationPlatforms) = postSolution
		{67FC5FA5-2FEA-4539-B85B-EA1CF434A9E5}.Debug|Any CPU.ActiveCfg = Debug|Any CPU
		{67FC5FA5-2FEA-4539-B85B-EA1CF434A9E5}.Debug|Any CPU.Build.0 = Debug|Any CPU
		{67FC5FA5-2FEA-4539-B85B-EA1CF434A9E5}.Release|Any CPU.ActiveCfg = Release|Any CPU
		{67FC5FA5-2FEA-4539-B85B-EA1CF434A9E5}.Release|Any CPU.Build.0 = Release|Any CPU
	EndGlobalSection
	GlobalSection(SolutionProperties) = preSolution
		HideSolutionNode = FALSE
	EndGlobalSection
	GlobalSection(ExtensibilityGlobals) = postSolution
		SolutionGuid = {7D54B8CC-857E-40DF-AA62-E9043989EF75}
	EndGlobalSection
EndGlobal
