
Microsoft Visual Studio Solution File, Format Version 12.00
# Visual Studio 15
VisualStudioVersion = 15.0.27703.2035
MinimumVisualStudioVersion = 10.0.40219.1
Project("{FAE04EC0-301F-11D3-BF4B-00C04F79EFBC}") = "CacDieuKhienCoBan", "CacDieuKhienCoBan\CacDieuKhienCoBan.csproj", "{06F1EBCC-C0EE-4D69-82EC-6FDCF4BFA405}"
EndProject
Global
	GlobalSection(SolutionConfigurationPlatforms) = preSolution
		Debug|Any CPU = Debug|Any CPU
		Release|Any CPU = Release|Any CPU
	EndGlobalSection
	GlobalSection(ProjectConfigurationPlatforms) = postSolution
		{06F1EBCC-C0EE-4D69-82EC-6FDCF4BFA405}.Debug|Any CPU.ActiveCfg = Debug|Any CPU
		{06F1EBCC-C0EE-4D69-82EC-6FDCF4BFA405}.Debug|Any CPU.Build.0 = Debug|Any CPU
		{06F1EBCC-C0EE-4D69-82EC-6FDCF4BFA405}.Release|Any CPU.ActiveCfg = Release|Any CPU
		{06F1EBCC-C0EE-4D69-82EC-6FDCF4BFA405}.Release|Any CPU.Build.0 = Release|Any CPU
	EndGlobalSection
	GlobalSection(SolutionProperties) = preSolution
		HideSolutionNode = FALSE
	EndGlobalSection
	GlobalSection(ExtensibilityGlobals) = postSolution
		SolutionGuid = {D473EA35-D620-4B88-9090-6E9BB03D6676}
	EndGlobalSection
EndGlobal
